// !$*UTF8*$!
{
	archiveVersion = 1;
	classes = {
	};
	objectVersion = 48;
	objects = {

/* Begin PBXBuildFile section */
		598D62BC203EC979008173B8 /* AppDelegate.m in Sources */ = {isa = PBXBuildFile; fileRef = 598D62BB203EC979008173B8 /* AppDelegate.m */; };
		598D62BF203EC979008173B8 /* ViewController.m in Sources */ = {isa = PBXBuildFile; fileRef = 598D62BE203EC979008173B8 /* ViewController.m */; };
		598D62C2203EC979008173B8 /* Main.storyboard in Resources */ = {isa = PBXBuildFile; fileRef = 598D62C0203EC979008173B8 /* Main.storyboard */; };
		598D62C4203EC979008173B8 /* Assets.xcassets in Resources */ = {isa = PBXBuildFile; fileRef = 598D62C3203EC979008173B8 /* Assets.xcassets */; };
		598D62C7203EC979008173B8 /* LaunchScreen.storyboard in Resources */ = {isa = PBXBuildFile; fileRef = 598D62C5203EC979008173B8 /* LaunchScreen.storyboard */; };
		598D62CA203EC979008173B8 /* main.m in Sources */ = {isa = PBXBuildFile; fileRef = 598D62C9203EC979008173B8 /* main.m */; };
/* End PBXBuildFile section */

/* Begin PBXFileReference section */
		598D62B7203EC979008173B8 /* HPSafety.app */ = {isa = PBXFileReference; explicitFileType = wrapper.application; includeInIndex = 0; path = HPSafety.app; sourceTree = BUILT_PRODUCTS_DIR; };
		598D62BA203EC979008173B8 /* AppDelegate.h */ = {isa = PBXFileReference; lastKnownFileType = sourcecode.c.h; path = AppDelegate.h; sourceTree = "<group>"; };
		598D62BB203EC979008173B8 /* AppDelegate.m */ = {isa = PBXFileReference; lastKnownFileType = sourcecode.c.objc; path = AppDelegate.m; sourceTree = "<group>"; };
		598D62BD203EC979008173B8 /* ViewController.h */ = {isa = PBXFileReference; lastKnownFileType = sourcecode.c.h; path = ViewController.h; sourceTree = "<group>"; };
		598D62BE203EC979008173B8 /* ViewController.m */ = {isa = PBXFileReference; lastKnownFileType = sourcecode.c.objc; path = ViewController.m; sourceTree = "<group>"; };
		598D62C1203EC979008173B8 /* Base */ = {isa = PBXFileReference; lastKnownFileType = file.storyboard; name = Base; path = Base.lproj/Main.storyboard; sourceTree = "<group>"; };
		598D62C3203EC979008173B8 /* Assets.xcassets */ = {isa = PBXFileReference; lastKnownFileType = folder.assetcatalog; path = Assets.xcassets; sourceTree = "<group>"; };
		598D62C6203EC979008173B8 /* Base */ = {isa = PBXFileReference; lastKnownFileType = file.storyboard; name = Base; path = Base.lproj/LaunchScreen.storyboard; sourceTree = "<group>"; };
		598D62C8203EC979008173B8 /* Info.plist */ = {isa = PBXFileReference; lastKnownFileType = text.plist.xml; path = Info.plist; sourceTree = "<group>"; };
		598D62C9203EC979008173B8 /* main.m */ = {isa = PBXFileReference; lastKnownFileType = sourcecode.c.objc; path = main.m; sourceTree = "<group>"; };
/* End PBXFileReference section */

/* Begin PBXFrameworksBuildPhase section */
		598D62B4203EC979008173B8 /* Frameworks */ = {
			isa = PBXFrameworksBuildPhase;
			buildActionMask = 2147483647;
			files = (
			);
			runOnlyForDeploymentPostprocessing = 0;
		};
/* End PBXFrameworksBuildPhase section */

/* Begin PBXGroup section */
		598D62AE203EC979008173B8 = {
			isa = PBXGroup;
			children = (
				598D62B9203EC979008173B8 /* HPSafety */,
				598D62B8203EC979008173B8 /* Products */,
			);
			sourceTree = "<group>";
		};
		598D62B8203EC979008173B8 /* Products */ = {
			isa = PBXGroup;
			children = (
				598D62B7203EC979008173B8 /* HPSafety.app */,
			);
			name = Products;
			sourceTree = "<group>";
		};
		598D62B9203EC979008173B8 /* HPSafety */ = {
			isa = PBXGroup;
			children = (
				598D62BA203EC979008173B8 /* AppDelegate.h */,
				598D62BB203EC979008173B8 /* AppDelegate.m */,
				598D62BD203EC979008173B8 /* ViewController.h */,
				598D62BE203EC979008173B8 /* ViewController.m */,
				598D62C0203EC979008173B8 /* Main.storyboard */,
				598D62C3203EC979008173B8 /* Assets.xcassets */,
				598D62C5203EC979008173B8 /* LaunchScreen.storyboard */,
				598D62C8203EC979008173B8 /* Info.plist */,
				598D62C9203EC979008173B8 /* main.m */,
			);
			path = HPSafety;
			sourceTree = "<group>";
		};
/* End PBXGroup section */

/* Begin PBXNativeTarget section */
		598D62B6203EC979008173B8 /* HPSafety */ = {
			isa = PBXNativeTarget;
			buildConfigurationList = 598D62CD203EC979008173B8 /* Build configuration list for PBXNativeTarget "HPSafety" */;
			buildPhases = (
				598D62B3203EC979008173B8 /* Sources */,
				598D62B4203EC979008173B8 /* Frameworks */,
				598D62B5203EC979008173B8 /* Resources */,
			);
			buildRules = (
			);
			dependencies = (
			);
			name = HPSafety;
			productName = HPSafety;
			productReference = 598D62B7203EC979008173B8 /* HPSafety.app */;
			productType = "com.apple.product-type.application";
		};
/* End PBXNativeTarget section */

/* Begin PBXProject section */
		598D62AF203EC979008173B8 /* Project object */ = {
			isa = PBXProject;
			attributes = {
				LastUpgradeCheck = 0920;
				ORGANIZATIONNAME = LeeHu;
				TargetAttributes = {
					598D62B6203EC979008173B8 = {
						CreatedOnToolsVersion = 9.2;
						ProvisioningStyle = Automatic;
					};
				};
			};
			buildConfigurationList = 598D62B2203EC979008173B8 /* Build configuration list for PBXProject "HPSafety" */;
			compatibilityVersion = "Xcode 8.0";
			developmentRegion = en;
			hasScannedForEncodings = 0;
			knownRegions = (
				en,
				Base,
			);
			mainGroup = 598D62AE203EC979008173B8;
			productRefGroup = 598D62B8203EC979008173B8 /* Products */;
			projectDirPath = "";
			projectRoot = "";
			targets = (
				598D62B6203EC979008173B8 /* HPSafety */,
			);
		};
/* End PBXProject section */

/* Begin PBXResourcesBuildPhase section */
		598D62B5203EC979008173B8 /* Resources */ = {
			isa = PBXResourcesBuildPhase;
			buildActionMask = 2147483647;
			files = (
				598D62C7203EC979008173B8 /* LaunchScreen.storyboard in Resources */,
				598D62C4203EC979008173B8 /* Assets.xcassets in Resources */,
				598D62C2203EC979008173B8 /* Main.storyboard in Resources */,
			);
			runOnlyForDeploymentPostprocessing = 0;
		};
/* End PBXResourcesBuildPhase section */

/* Begin PBXSourcesBuildPhase section */
		598D62B3203EC979008173B8 /* Sources */ = {
			isa = PBXSourcesBuildPhase;
			buildActionMask = 2147483647;
			files = (
				598D62BF203EC979008173B8 /* ViewController.m in Sources */,
				598D62CA203EC979008173B8 /* main.m in Sources */,
				598D62BC203EC979008173B8 /* AppDelegate.m in Sources */,
			);
			runOnlyForDeploymentPostprocessing = 0;
		};
/* End PBXSourcesBuildPhase section */

/* Begin PBXVariantGroup section */
		598D62C0203EC979008173B8 /* Main.storyboard */ = {
			isa = PBXVariantGroup;
			children = (
				598D62C1203EC979008173B8 /* Base */,
			);
			name = Main.storyboard;
			sourceTree = "<group>";
		};
		598D62C5203EC979008173B8 /* LaunchScreen.storyboard */ = {
			isa = PBXVariantGroup;
			children = (
				598D62C6203EC979008173B8 /* Base */,
			);
			name = LaunchScreen.storyboard;
			sourceTree = "<group>";
		};
/* End PBXVariantGroup section */

/* Begin XCBuildConfiguration section */
		598D62CB203EC979008173B8 /* Debug */ = {
			isa = XCBuildConfiguration;
			buildSettings = {
				ALWAYS_SEARCH_USER_PATHS = NO;
				CLANG_ANALYZER_NONNULL = YES;
				CLANG_ANALYZER_NUMBER_OBJECT_CONVERSION = YES_AGGRESSIVE;
				CLANG_CXX_LANGUAGE_STANDARD = "gnu++14";
				CLANG_CXX_LIBRARY = "libc++";
				CLANG_ENABLE_MODULES = YES;
				CLANG_ENABLE_OBJC_ARC = YES;
				CLANG_WARN_BLOCK_CAPTURE_AUTORELEASING = YES;
				CLANG_WARN_BOOL_CONVERSION = YES;
				CLANG_WARN_COMMA = YES;
				CLANG_WARN_CONSTANT_CONVERSION = YES;
				CLANG_WARN_DIRECT_OBJC_ISA_USAGE = YES_ERROR;
				CLANG_WARN_DOCUMENTATION_COMMENTS = YES;
				CLANG_WARN_EMPTY_BODY = YES;
				CLANG_WARN_ENUM_CONVERSION = YES;
				CLANG_WARN_INFINITE_RECURSION = YES;
				CLANG_WARN_INT_CONVERSION = YES;
				CLANG_WARN_NON_LITERAL_NULL_CONVERSION = YES;
				CLANG_WARN_OBJC_LITERAL_CONVERSION = YES;
				CLANG_WARN_OBJC_ROOT_CLASS = YES_ERROR;
				CLANG_WARN_RANGE_LOOP_ANALYSIS = YES;
				CLANG_WARN_STRICT_PROTOTYPES = YES;
				CLANG_WARN_SUSPICIOUS_MOVE = YES;
				CLANG_WARN_UNGUARDED_AVAILABILITY = YES_AGGRESSIVE;
				CLANG_WARN_UNREACHABLE_CODE = YES;
				CLANG_WARN__DUPLICATE_METHOD_MATCH = YES;
				CODE_SIGN_IDENTITY = "iPhone Developer";
				COPY_PHASE_STRIP = NO;
				DEBUG_INFORMATION_FORMAT = dwarf;
				ENABLE_STRICT_OBJC_MSGSEND = YES;
				ENABLE_TESTABILITY = YES;
				GCC_C_LANGUAGE_STANDARD = gnu11;
				GCC_DYNAMIC_NO_PIC = NO;
				GCC_NO_COMMON_BLOCKS = YES;
				GCC_OPTIMIZATION_LEVEL = 0;
				GCC_PREPROCESSOR_DEFINITIONS = (
					"DEBUG=1",
					"$(inherited)",
				);
				GCC_WARN_64_TO_32_BIT_CONVERSION = YES;
				GCC_WARN_ABOUT_RETURN_TYPE = YES_ERROR;
				GCC_WARN_UNDECLARED_SELECTOR = YES;
				GCC_WARN_UNINITIALIZED_AUTOS = YES_AGGRESSIVE;
				GCC_WARN_UNUSED_FUNCTION = YES;
				GCC_WARN_UNUSED_VARIABLE = YES;
				IPHONEOS_DEPLOYMENT_TARGET = 11.2;
				MTL_ENABLE_DEBUG_INFO = YES;
				ONLY_ACTIVE_ARCH = YES;
				SDKROOT = iphoneos;
			};
			name = Debug;
		};
		598D62CC203EC979008173B8 /* Release */ = {
			isa = XCBuildConfiguration;
			buildSettings = {
				ALWAYS_SEARCH_USER_PATHS = NO;
				CLANG_ANALYZER_NONNULL = YES;
				CLANG_ANALYZER_NUMBER_OBJECT_CONVERSION = YES_AGGRESSIVE;
				CLANG_CXX_LANGUAGE_STANDARD = "gnu++14";
				CLANG_CXX_LIBRARY = "libc++";
				CLANG_ENABLE_MODULES = YES;
				CLANG_ENABLE_OBJC_ARC = YES;
				CLANG_WARN_BLOCK_CAPTURE_AUTORELEASING = YES;
				CLANG_WARN_BOOL_CONVERSION = YES;
				CLANG_WARN_COMMA = YES;
				CLANG_WARN_CONSTANT_CONVERSION = YES;
				CLANG_WARN_DIRECT_OBJC_ISA_USAGE = YES_ERROR;
				CLANG_WARN_DOCUMENTATION_COMMENTS = YES;
				CLANG_WARN_EMPTY_BODY = YES;
				CLANG_WARN_ENUM_CONVERSION = YES;
				CLANG_WARN_INFINITE_RECURSION = YES;
				CLANG_WARN_INT_CONVERSION = YES;
				CLANG_WARN_NON_LITERAL_NULL_CONVERSION = YES;
				CLANG_WARN_OBJC_LITERAL_CONVERSION = YES;
				CLANG_WARN_OBJC_ROOT_CLASS = YES_ERROR;
				CLANG_WARN_RANGE_LOOP_ANALYSIS = YES;
				CLANG_WARN_STRICT_PROTOTYPES = YES;
				CLANG_WARN_SUSPICIOUS_MOVE = YES;
				CLANG_WARN_UNGUARDED_AVAILABILITY = YES_AGGRESSIVE;
				CLANG_WARN_UNREACHABLE_CODE = YES;
				CLANG_WARN__DUPLICATE_METHOD_MATCH = YES;
				CODE_SIGN_IDENTITY = "iPhone Developer";
				COPY_PHASE_STRIP = NO;
				DEBUG_INFORMATION_FORMAT = "dwarf-with-dsym";
				ENABLE_NS_ASSERTIONS = NO;
				ENABLE_STRICT_OBJC_MSGSEND = YES;
				GCC_C_LANGUAGE_STANDARD = gnu11;
				GCC_NO_COMMON_BLOCKS = YES;
				GCC_WARN_64_TO_32_BIT_CONVERSION = YES;
				GCC_WARN_ABOUT_RETURN_TYPE = YES_ERROR;
				GCC_WARN_UNDECLARED_SELECTOR = YES;
				GCC_WARN_UNINITIALIZED_AUTOS = YES_AGGRESSIVE;
				GCC_WARN_UNUSED_FUNCTION = YES;
				GCC_WARN_UNUSED_VARIABLE = YES;
				IPHONEOS_DEPLOYMENT_TARGET = 11.2;
				MTL_ENABLE_DEBUG_INFO = NO;
				SDKROOT = iphoneos;
				VALIDATE_PRODUCT = YES;
			};
			name = Release;
		};
		598D62CE203EC979008173B8 /* Debug */ = {
			isa = XCBuildConfiguration;
			buildSettings = {
				ASSETCATALOG_COMPILER_APPICON_NAME = AppIcon;
				CODE_SIGN_STYLE = Automatic;
				DEVELOPMENT_TEAM = K2A44E54SM;
				INFOPLIST_FILE = HPSafety/Info.plist;
				LD_RUNPATH_SEARCH_PATHS = "$(inherited) @executable_path/Frameworks";
				PRODUCT_BUNDLE_IDENTIFIER = com.leehu.HPSafety;
				PRODUCT_NAME = "$(TARGET_NAME)";
				TARGETED_DEVICE_FAMILY = "1,2";
			};
			name = Debug;
		};
		598D62CF203EC979008173B8 /* Release */ = {
			isa = XCBuildConfiguration;
			buildSettings = {
				ASSETCATALOG_COMPILER_APPICON_NAME = AppIcon;
				CODE_SIGN_STYLE = Automatic;
				DEVELOPMENT_TEAM = K2A44E54SM;
				INFOPLIST_FILE = HPSafety/Info.plist;
				LD_RUNPATH_SEARCH_PATHS = "$(inherited) @executable_path/Frameworks";
				PRODUCT_BUNDLE_IDENTIFIER = com.leehu.HPSafety;
				PRODUCT_NAME = "$(TARGET_NAME)";
				TARGETED_DEVICE_FAMILY = "1,2";
			};
			name = Release;
		};
/* End XCBuildConfiguration section */

/* Begin XCConfigurationList section */
		598D62B2203EC979008173B8 /* Build configuration list for PBXProject "HPSafety" */ = {
			isa = XCConfigurationList;
			buildConfigurations = (
				598D62CB203EC979008173B8 /* Debug */,
				598D62CC203EC979008173B8 /* Release */,
			);
			defaultConfigurationIsVisible = 0;
			defaultConfigurationName = Release;
		};
		598D62CD203EC979008173B8 /* Build configuration list for PBXNativeTarget "HPSafety" */ = {
			isa = XCConfigurationList;
			buildConfigurations = (
				598D62CE203EC979008173B8 /* Debug */,
				598D62CF203EC979008173B8 /* Release */,
			);
			defaultConfigurationIsVisible = 0;
			defaultConfigurationName = Release;
		};
/* End XCConfigurationList section */
	};
	rootObject = 598D62AF203EC979008173B8 /* Project object */;
}
